// !$*UTF8*$!
{
	archiveVersion = 1;
	classes = {
	};
	objectVersion = 48;
	objects = {

/* Begin PBXBuildFile section */
		6C3A82F1A2A8C6DB769CDB7F /* Pods_nkoodi.framework in Frameworks */ = {isa = PBXBuildFile; fileRef = 3FB365502B92D7A3116B595B /* Pods_nkoodi.framework */; };
		7062B55F21123C9E009F3E26 /* Acens.ttf in Resources */ = {isa = PBXBuildFile; fileRef = 7062B55E21123C9D009F3E26 /* Acens.ttf */; };
		8A335A21211257E1006517FC /* LoginSplashView.storyboard in Resources */ = {isa = PBXBuildFile; fileRef = 8A335A20211257E1006517FC /* LoginSplashView.storyboard */; };
		8A335A2321126080006517FC /* DataStore.swift in Sources */ = {isa = PBXBuildFile; fileRef = 8A335A2221126080006517FC /* DataStore.swift */; };
		8A335A252112617C006517FC /* User.swift in Sources */ = {isa = PBXBuildFile; fileRef = 8A335A242112617C006517FC /* User.swift */; };
		8A335A28211261D1006517FC /* TransactionsHistory.swift in Sources */ = {isa = PBXBuildFile; fileRef = 8A335A27211261D1006517FC /* TransactionsHistory.swift */; };
		8A335A2A21126A51006517FC /* CodeGenerator.swift in Sources */ = {isa = PBXBuildFile; fileRef = 8A335A2921126A51006517FC /* CodeGenerator.swift */; };
		8A9BDB4D21122607001070F5 /* AppDelegate.swift in Sources */ = {isa = PBXBuildFile; fileRef = 8A9BDB4C21122607001070F5 /* AppDelegate.swift */; };
		8A9BDB4F21122607001070F5 /* ViewController.swift in Sources */ = {isa = PBXBuildFile; fileRef = 8A9BDB4E21122607001070F5 /* ViewController.swift */; };
		8A9BDB5221122607001070F5 /* Main.storyboard in Resources */ = {isa = PBXBuildFile; fileRef = 8A9BDB5021122607001070F5 /* Main.storyboard */; };
		8A9BDB5421122607001070F5 /* Assets.xcassets in Resources */ = {isa = PBXBuildFile; fileRef = 8A9BDB5321122607001070F5 /* Assets.xcassets */; };
		8A9BDB5721122607001070F5 /* LaunchScreen.storyboard in Resources */ = {isa = PBXBuildFile; fileRef = 8A9BDB5521122607001070F5 /* LaunchScreen.storyboard */; };
		8A9BDB5F2112271D001070F5 /* GoogleService-Info.plist in Resources */ = {isa = PBXBuildFile; fileRef = 8A9BDB5E2112271D001070F5 /* GoogleService-Info.plist */; };
		D4B8D0342112504F00329A79 /* LoginSplashViewController.swift in Sources */ = {isa = PBXBuildFile; fileRef = D4B8D0332112504F00329A79 /* LoginSplashViewController.swift */; };
		D4B8D039211272DE00329A79 /* QRReaderViewController.swift in Sources */ = {isa = PBXBuildFile; fileRef = D4B8D037211272DE00329A79 /* QRReaderViewController.swift */; };
		D4B8D03A211272DE00329A79 /* QRReader.storyboard in Resources */ = {isa = PBXBuildFile; fileRef = D4B8D038211272DE00329A79 /* QRReader.storyboard */; };
		D4EE397021122BF200AF8D73 /* QRCodeReaderViewController.swift in Sources */ = {isa = PBXBuildFile; fileRef = D4EE396F21122BF200AF8D73 /* QRCodeReaderViewController.swift */; };
		D4EE397221122C2700AF8D73 /* BalanceViewController.swift in Sources */ = {isa = PBXBuildFile; fileRef = D4EE397121122C2700AF8D73 /* BalanceViewController.swift */; };
		D4EE397421122C4900AF8D73 /* MainViewController.swift in Sources */ = {isa = PBXBuildFile; fileRef = D4EE397321122C4900AF8D73 /* MainViewController.swift */; };
/* End PBXBuildFile section */

/* Begin PBXFileReference section */
		3FB365502B92D7A3116B595B /* Pods_nkoodi.framework */ = {isa = PBXFileReference; explicitFileType = wrapper.framework; includeInIndex = 0; path = Pods_nkoodi.framework; sourceTree = BUILT_PRODUCTS_DIR; };
		7062B55E21123C9D009F3E26 /* Acens.ttf */ = {isa = PBXFileReference; lastKnownFileType = file; path = Acens.ttf; sourceTree = "<group>"; };
		8A335A20211257E1006517FC /* LoginSplashView.storyboard */ = {isa = PBXFileReference; lastKnownFileType = file.storyboard; path = LoginSplashView.storyboard; sourceTree = "<group>"; };
		8A335A2221126080006517FC /* DataStore.swift */ = {isa = PBXFileReference; lastKnownFileType = sourcecode.swift; path = DataStore.swift; sourceTree = "<group>"; };
		8A335A242112617C006517FC /* User.swift */ = {isa = PBXFileReference; lastKnownFileType = sourcecode.swift; path = User.swift; sourceTree = "<group>"; };
		8A335A27211261D1006517FC /* TransactionsHistory.swift */ = {isa = PBXFileReference; lastKnownFileType = sourcecode.swift; path = TransactionsHistory.swift; sourceTree = "<group>"; };
		8A335A2921126A51006517FC /* CodeGenerator.swift */ = {isa = PBXFileReference; lastKnownFileType = sourcecode.swift; path = CodeGenerator.swift; sourceTree = "<group>"; };
		8A9BDB4921122607001070F5 /* nkoodi.app */ = {isa = PBXFileReference; explicitFileType = wrapper.application; includeInIndex = 0; path = nkoodi.app; sourceTree = BUILT_PRODUCTS_DIR; };
		8A9BDB4C21122607001070F5 /* AppDelegate.swift */ = {isa = PBXFileReference; lastKnownFileType = sourcecode.swift; path = AppDelegate.swift; sourceTree = "<group>"; };
		8A9BDB4E21122607001070F5 /* ViewController.swift */ = {isa = PBXFileReference; lastKnownFileType = sourcecode.swift; path = ViewController.swift; sourceTree = "<group>"; };
		8A9BDB5121122607001070F5 /* Base */ = {isa = PBXFileReference; lastKnownFileType = file.storyboard; name = Base; path = Base.lproj/Main.storyboard; sourceTree = "<group>"; };
		8A9BDB5321122607001070F5 /* Assets.xcassets */ = {isa = PBXFileReference; lastKnownFileType = folder.assetcatalog; path = Assets.xcassets; sourceTree = "<group>"; };
		8A9BDB5621122607001070F5 /* Base */ = {isa = PBXFileReference; lastKnownFileType = file.storyboard; name = Base; path = Base.lproj/LaunchScreen.storyboard; sourceTree = "<group>"; };
		8A9BDB5821122607001070F5 /* Info.plist */ = {isa = PBXFileReference; lastKnownFileType = text.plist.xml; path = Info.plist; sourceTree = "<group>"; };
		8A9BDB5E2112271D001070F5 /* GoogleService-Info.plist */ = {isa = PBXFileReference; fileEncoding = 4; lastKnownFileType = text.plist.xml; path = "GoogleService-Info.plist"; sourceTree = "<group>"; };
		99108625AC17317141A7F44A /* Pods-nkoodi.debug.xcconfig */ = {isa = PBXFileReference; includeInIndex = 1; lastKnownFileType = text.xcconfig; name = "Pods-nkoodi.debug.xcconfig"; path = "Pods/Target Support Files/Pods-nkoodi/Pods-nkoodi.debug.xcconfig"; sourceTree = "<group>"; };
		D4B8D0332112504F00329A79 /* LoginSplashViewController.swift */ = {isa = PBXFileReference; lastKnownFileType = sourcecode.swift; path = LoginSplashViewController.swift; sourceTree = "<group>"; };
		D4B8D037211272DE00329A79 /* QRReaderViewController.swift */ = {isa = PBXFileReference; fileEncoding = 4; lastKnownFileType = sourcecode.swift; path = QRReaderViewController.swift; sourceTree = "<group>"; };
		D4B8D038211272DE00329A79 /* QRReader.storyboard */ = {isa = PBXFileReference; fileEncoding = 4; lastKnownFileType = file.storyboard; path = QRReader.storyboard; sourceTree = "<group>"; };
		D4EE396F21122BF200AF8D73 /* QRCodeReaderViewController.swift */ = {isa = PBXFileReference; lastKnownFileType = sourcecode.swift; path = QRCodeReaderViewController.swift; sourceTree = "<group>"; };
		D4EE397121122C2700AF8D73 /* BalanceViewController.swift */ = {isa = PBXFileReference; lastKnownFileType = sourcecode.swift; path = BalanceViewController.swift; sourceTree = "<group>"; };
		D4EE397321122C4900AF8D73 /* MainViewController.swift */ = {isa = PBXFileReference; lastKnownFileType = sourcecode.swift; path = MainViewController.swift; sourceTree = "<group>"; };
		D698B628A1A3A4703566F555 /* Pods-nkoodi.release.xcconfig */ = {isa = PBXFileReference; includeInIndex = 1; lastKnownFileType = text.xcconfig; name = "Pods-nkoodi.release.xcconfig"; path = "Pods/Target Support Files/Pods-nkoodi/Pods-nkoodi.release.xcconfig"; sourceTree = "<group>"; };
/* End PBXFileReference section */

/* Begin PBXFrameworksBuildPhase section */
		8A9BDB4621122607001070F5 /* Frameworks */ = {
			isa = PBXFrameworksBuildPhase;
			buildActionMask = 2147483647;
			files = (
				6C3A82F1A2A8C6DB769CDB7F /* Pods_nkoodi.framework in Frameworks */,
			);
			runOnlyForDeploymentPostprocessing = 0;
		};
/* End PBXFrameworksBuildPhase section */

/* Begin PBXGroup section */
		604D0405E819E70FE9EF8FA2 /* Frameworks */ = {
			isa = PBXGroup;
			children = (
				3FB365502B92D7A3116B595B /* Pods_nkoodi.framework */,
			);
			name = Frameworks;
			sourceTree = "<group>";
		};
		7062B55D21123C7E009F3E26 /* font */ = {
			isa = PBXGroup;
			children = (
				7062B55E21123C9D009F3E26 /* Acens.ttf */,
			);
			path = font;
			sourceTree = "<group>";
		};
		8A335A1F211257AF006517FC /* LoginSplash */ = {
			isa = PBXGroup;
			children = (
				D4B8D0332112504F00329A79 /* LoginSplashViewController.swift */,
				8A335A20211257E1006517FC /* LoginSplashView.storyboard */,
			);
			path = LoginSplash;
			sourceTree = "<group>";
		};
		8A335A26211261B0006517FC /* Models */ = {
			isa = PBXGroup;
			children = (
				8A335A2221126080006517FC /* DataStore.swift */,
				8A335A242112617C006517FC /* User.swift */,
				8A335A27211261D1006517FC /* TransactionsHistory.swift */,
				8A335A2921126A51006517FC /* CodeGenerator.swift */,
			);
			path = Models;
			sourceTree = "<group>";
		};
		8A9BDB4021122607001070F5 = {
			isa = PBXGroup;
			children = (
				8A9BDB5E2112271D001070F5 /* GoogleService-Info.plist */,
				8A9BDB4B21122607001070F5 /* nkoodi */,
				8A9BDB4A21122607001070F5 /* Products */,
				E8C3D3F36B6FA275CFFF8AC4 /* Pods */,
				604D0405E819E70FE9EF8FA2 /* Frameworks */,
			);
			sourceTree = "<group>";
		};
		8A9BDB4A21122607001070F5 /* Products */ = {
			isa = PBXGroup;
			children = (
				8A9BDB4921122607001070F5 /* nkoodi.app */,
			);
			name = Products;
			sourceTree = "<group>";
		};
		8A9BDB4B21122607001070F5 /* nkoodi */ = {
			isa = PBXGroup;
			children = (
				8A335A26211261B0006517FC /* Models */,
				D4B8D03B211272E300329A79 /* QRCode */,
				8A335A1F211257AF006517FC /* LoginSplash */,
				8A9BDB4C21122607001070F5 /* AppDelegate.swift */,
				8A9BDB4E21122607001070F5 /* ViewController.swift */,
				8A9BDB5021122607001070F5 /* Main.storyboard */,
				8A9BDB5321122607001070F5 /* Assets.xcassets */,
				8A9BDB5521122607001070F5 /* LaunchScreen.storyboard */,
				7062B55D21123C7E009F3E26 /* font */,
				8A9BDB5821122607001070F5 /* Info.plist */,
				D4EE397121122C2700AF8D73 /* BalanceViewController.swift */,
				D4EE397321122C4900AF8D73 /* MainViewController.swift */,
			);
			path = nkoodi;
			sourceTree = "<group>";
		};
		D4B8D03B211272E300329A79 /* QRCode */ = {
			isa = PBXGroup;
			children = (
				D4EE396F21122BF200AF8D73 /* QRCodeReaderViewController.swift */,
				D4B8D038211272DE00329A79 /* QRReader.storyboard */,
				D4B8D037211272DE00329A79 /* QRReaderViewController.swift */,
			);
			path = QRCode;
			sourceTree = "<group>";
		};
		E8C3D3F36B6FA275CFFF8AC4 /* Pods */ = {
			isa = PBXGroup;
			children = (
				99108625AC17317141A7F44A /* Pods-nkoodi.debug.xcconfig */,
				D698B628A1A3A4703566F555 /* Pods-nkoodi.release.xcconfig */,
			);
			name = Pods;
			sourceTree = "<group>";
		};
/* End PBXGroup section */

/* Begin PBXNativeTarget section */
		8A9BDB4821122607001070F5 /* nkoodi */ = {
			isa = PBXNativeTarget;
			buildConfigurationList = 8A9BDB5B21122607001070F5 /* Build configuration list for PBXNativeTarget "nkoodi" */;
			buildPhases = (
				B59628C5859CFF7E5FC2D8FF /* [CP] Check Pods Manifest.lock */,
				8A9BDB4521122607001070F5 /* Sources */,
				8A9BDB4621122607001070F5 /* Frameworks */,
				8A9BDB4721122607001070F5 /* Resources */,
				28DC14E7A514AD1E241042D5 /* [CP] Embed Pods Frameworks */,
			);
			buildRules = (
			);
			dependencies = (
			);
			name = nkoodi;
			productName = nkoodi;
			productReference = 8A9BDB4921122607001070F5 /* nkoodi.app */;
			productType = "com.apple.product-type.application";
		};
/* End PBXNativeTarget section */

/* Begin PBXProject section */
		8A9BDB4121122607001070F5 /* Project object */ = {
			isa = PBXProject;
			attributes = {
				LastSwiftUpdateCheck = 0920;
				LastUpgradeCheck = 0920;
				ORGANIZATIONNAME = "Hajj Hackathon";
				TargetAttributes = {
					8A9BDB4821122607001070F5 = {
						CreatedOnToolsVersion = 9.2;
						ProvisioningStyle = Manual;
					};
				};
			};
			buildConfigurationList = 8A9BDB4421122607001070F5 /* Build configuration list for PBXProject "nkoodi" */;
			compatibilityVersion = "Xcode 8.0";
			developmentRegion = en;
			hasScannedForEncodings = 0;
			knownRegions = (
				en,
				Base,
			);
			mainGroup = 8A9BDB4021122607001070F5;
			productRefGroup = 8A9BDB4A21122607001070F5 /* Products */;
			projectDirPath = "";
			projectRoot = "";
			targets = (
				8A9BDB4821122607001070F5 /* nkoodi */,
			);
		};
/* End PBXProject section */

/* Begin PBXResourcesBuildPhase section */
		8A9BDB4721122607001070F5 /* Resources */ = {
			isa = PBXResourcesBuildPhase;
			buildActionMask = 2147483647;
			files = (
				7062B55F21123C9E009F3E26 /* Acens.ttf in Resources */,
				8A9BDB5721122607001070F5 /* LaunchScreen.storyboard in Resources */,
				8A335A21211257E1006517FC /* LoginSplashView.storyboard in Resources */,
				8A9BDB5F2112271D001070F5 /* GoogleService-Info.plist in Resources */,
				D4B8D03A211272DE00329A79 /* QRReader.storyboard in Resources */,
				8A9BDB5421122607001070F5 /* Assets.xcassets in Resources */,
				8A9BDB5221122607001070F5 /* Main.storyboard in Resources */,
			);
			runOnlyForDeploymentPostprocessing = 0;
		};
/* End PBXResourcesBuildPhase section */

/* Begin PBXShellScriptBuildPhase section */
		28DC14E7A514AD1E241042D5 /* [CP] Embed Pods Frameworks */ = {
			isa = PBXShellScriptBuildPhase;
			buildActionMask = 2147483647;
			files = (
			);
			inputPaths = (
				"${SRCROOT}/Pods/Target Support Files/Pods-nkoodi/Pods-nkoodi-frameworks.sh",
				"${BUILT_PRODUCTS_DIR}/BATabBarController/BATabBarController.framework",
				"${BUILT_PRODUCTS_DIR}/Charts/Charts.framework",
				"${BUILT_PRODUCTS_DIR}/GTMSessionFetcher/GTMSessionFetcher.framework",
				"${BUILT_PRODUCTS_DIR}/GoogleToolboxForMac/GoogleToolboxForMac.framework",
				"${BUILT_PRODUCTS_DIR}/IQKeyboardManagerSwift/IQKeyboardManagerSwift.framework",
				"${BUILT_PRODUCTS_DIR}/Masonry/Masonry.framework",
				"${BUILT_PRODUCTS_DIR}/QRCode/QRCode.framework",
				"${BUILT_PRODUCTS_DIR}/leveldb-library/leveldb.framework",
				"${BUILT_PRODUCTS_DIR}/nanopb/nanopb.framework",
			);
			name = "[CP] Embed Pods Frameworks";
			outputPaths = (
				"${TARGET_BUILD_DIR}/${FRAMEWORKS_FOLDER_PATH}/BATabBarController.framework",
				"${TARGET_BUILD_DIR}/${FRAMEWORKS_FOLDER_PATH}/Charts.framework",
				"${TARGET_BUILD_DIR}/${FRAMEWORKS_FOLDER_PATH}/GTMSessionFetcher.framework",
				"${TARGET_BUILD_DIR}/${FRAMEWORKS_FOLDER_PATH}/GoogleToolboxForMac.framework",
				"${TARGET_BUILD_DIR}/${FRAMEWORKS_FOLDER_PATH}/IQKeyboardManagerSwift.framework",
				"${TARGET_BUILD_DIR}/${FRAMEWORKS_FOLDER_PATH}/Masonry.framework",
				"${TARGET_BUILD_DIR}/${FRAMEWORKS_FOLDER_PATH}/QRCode.framework",
				"${TARGET_BUILD_DIR}/${FRAMEWORKS_FOLDER_PATH}/leveldb.framework",
				"${TARGET_BUILD_DIR}/${FRAMEWORKS_FOLDER_PATH}/nanopb.framework",
			);
			runOnlyForDeploymentPostprocessing = 0;
			shellPath = /bin/sh;
			shellScript = "\"${SRCROOT}/Pods/Target Support Files/Pods-nkoodi/Pods-nkoodi-frameworks.sh\"\n";
			showEnvVarsInLog = 0;
		};
		B59628C5859CFF7E5FC2D8FF /* [CP] Check Pods Manifest.lock */ = {
			isa = PBXShellScriptBuildPhase;
			buildActionMask = 2147483647;
			files = (
			);
			inputPaths = (
				"${PODS_PODFILE_DIR_PATH}/Podfile.lock",
				"${PODS_ROOT}/Manifest.lock",
			);
			name = "[CP] Check Pods Manifest.lock";
			outputPaths = (
				"$(DERIVED_FILE_DIR)/Pods-nkoodi-checkManifestLockResult.txt",
			);
			runOnlyForDeploymentPostprocessing = 0;
			shellPath = /bin/sh;
			shellScript = "diff \"${PODS_PODFILE_DIR_PATH}/Podfile.lock\" \"${PODS_ROOT}/Manifest.lock\" > /dev/null\nif [ $? != 0 ] ; then\n    # print error to STDERR\n    echo \"error: The sandbox is not in sync with the Podfile.lock. Run 'pod install' or update your CocoaPods installation.\" >&2\n    exit 1\nfi\n# This output is used by Xcode 'outputs' to avoid re-running this script phase.\necho \"SUCCESS\" > \"${SCRIPT_OUTPUT_FILE_0}\"\n";
			showEnvVarsInLog = 0;
		};
/* End PBXShellScriptBuildPhase section */

/* Begin PBXSourcesBuildPhase section */
		8A9BDB4521122607001070F5 /* Sources */ = {
			isa = PBXSourcesBuildPhase;
			buildActionMask = 2147483647;
			files = (
				8A335A2321126080006517FC /* DataStore.swift in Sources */,
				D4B8D0342112504F00329A79 /* LoginSplashViewController.swift in Sources */,
				8A335A2A21126A51006517FC /* CodeGenerator.swift in Sources */,
				D4EE397021122BF200AF8D73 /* QRCodeReaderViewController.swift in Sources */,
				8A9BDB4F21122607001070F5 /* ViewController.swift in Sources */,
				8A335A252112617C006517FC /* User.swift in Sources */,
				8A9BDB4D21122607001070F5 /* AppDelegate.swift in Sources */,
				D4EE397221122C2700AF8D73 /* BalanceViewController.swift in Sources */,
				D4B8D039211272DE00329A79 /* QRReaderViewController.swift in Sources */,
				D4EE397421122C4900AF8D73 /* MainViewController.swift in Sources */,
				8A335A28211261D1006517FC /* TransactionsHistory.swift in Sources */,
			);
			runOnlyForDeploymentPostprocessing = 0;
		};
/* End PBXSourcesBuildPhase section */

/* Begin PBXVariantGroup section */
		8A9BDB5021122607001070F5 /* Main.storyboard */ = {
			isa = PBXVariantGroup;
			children = (
				8A9BDB5121122607001070F5 /* Base */,
			);
			name = Main.storyboard;
			sourceTree = "<group>";
		};
		8A9BDB5521122607001070F5 /* LaunchScreen.storyboard */ = {
			isa = PBXVariantGroup;
			children = (
				8A9BDB5621122607001070F5 /* Base */,
			);
			name = LaunchScreen.storyboard;
			sourceTree = "<group>";
		};
/* End PBXVariantGroup section */

/* Begin XCBuildConfiguration section */
		8A9BDB5921122607001070F5 /* Debug */ = {
			isa = XCBuildConfiguration;
			buildSettings = {
				ALWAYS_SEARCH_USER_PATHS = NO;
				CLANG_ANALYZER_NONNULL = YES;
				CLANG_ANALYZER_NUMBER_OBJECT_CONVERSION = YES_AGGRESSIVE;
				CLANG_CXX_LANGUAGE_STANDARD = "gnu++14";
				CLANG_CXX_LIBRARY = "libc++";
				CLANG_ENABLE_MODULES = YES;
				CLANG_ENABLE_OBJC_ARC = YES;
				CLANG_WARN_BLOCK_CAPTURE_AUTORELEASING = YES;
				CLANG_WARN_BOOL_CONVERSION = YES;
				CLANG_WARN_COMMA = YES;
				CLANG_WARN_CONSTANT_CONVERSION = YES;
				CLANG_WARN_DIRECT_OBJC_ISA_USAGE = YES_ERROR;
				CLANG_WARN_DOCUMENTATION_COMMENTS = YES;
				CLANG_WARN_EMPTY_BODY = YES;
				CLANG_WARN_ENUM_CONVERSION = YES;
				CLANG_WARN_INFINITE_RECURSION = YES;
				CLANG_WARN_INT_CONVERSION = YES;
				CLANG_WARN_NON_LITERAL_NULL_CONVERSION = YES;
				CLANG_WARN_OBJC_LITERAL_CONVERSION = YES;
				CLANG_WARN_OBJC_ROOT_CLASS = YES_ERROR;
				CLANG_WARN_RANGE_LOOP_ANALYSIS = YES;
				CLANG_WARN_STRICT_PROTOTYPES = YES;
				CLANG_WARN_SUSPICIOUS_MOVE = YES;
				CLANG_WARN_UNGUARDED_AVAILABILITY = YES_AGGRESSIVE;
				CLANG_WARN_UNREACHABLE_CODE = YES;
				CLANG_WARN__DUPLICATE_METHOD_MATCH = YES;
				CODE_SIGN_IDENTITY = "iPhone Developer";
				COPY_PHASE_STRIP = NO;
				DEBUG_INFORMATION_FORMAT = dwarf;
				ENABLE_STRICT_OBJC_MSGSEND = YES;
				ENABLE_TESTABILITY = YES;
				GCC_C_LANGUAGE_STANDARD = gnu11;
				GCC_DYNAMIC_NO_PIC = NO;
				GCC_NO_COMMON_BLOCKS = YES;
				GCC_OPTIMIZATION_LEVEL = 0;
				GCC_PREPROCESSOR_DEFINITIONS = (
					"DEBUG=1",
					"$(inherited)",
				);
				GCC_WARN_64_TO_32_BIT_CONVERSION = YES;
				GCC_WARN_ABOUT_RETURN_TYPE = YES_ERROR;
				GCC_WARN_UNDECLARED_SELECTOR = YES;
				GCC_WARN_UNINITIALIZED_AUTOS = YES_AGGRESSIVE;
				GCC_WARN_UNUSED_FUNCTION = YES;
				GCC_WARN_UNUSED_VARIABLE = YES;
				IPHONEOS_DEPLOYMENT_TARGET = 11.2;
				MTL_ENABLE_DEBUG_INFO = YES;
				ONLY_ACTIVE_ARCH = YES;
				SDKROOT = iphoneos;
				SWIFT_ACTIVE_COMPILATION_CONDITIONS = DEBUG;
				SWIFT_OPTIMIZATION_LEVEL = "-Onone";
			};
			name = Debug;
		};
		8A9BDB5A21122607001070F5 /* Release */ = {
			isa = XCBuildConfiguration;
			buildSettings = {
				ALWAYS_SEARCH_USER_PATHS = NO;
				CLANG_ANALYZER_NONNULL = YES;
				CLANG_ANALYZER_NUMBER_OBJECT_CONVERSION = YES_AGGRESSIVE;
				CLANG_CXX_LANGUAGE_STANDARD = "gnu++14";
				CLANG_CXX_LIBRARY = "libc++";
				CLANG_ENABLE_MODULES = YES;
				CLANG_ENABLE_OBJC_ARC = YES;
				CLANG_WARN_BLOCK_CAPTURE_AUTORELEASING = YES;
				CLANG_WARN_BOOL_CONVERSION = YES;
				CLANG_WARN_COMMA = YES;
				CLANG_WARN_CONSTANT_CONVERSION = YES;
				CLANG_WARN_DIRECT_OBJC_ISA_USAGE = YES_ERROR;
				CLANG_WARN_DOCUMENTATION_COMMENTS = YES;
				CLANG_WARN_EMPTY_BODY = YES;
				CLANG_WARN_ENUM_CONVERSION = YES;
				CLANG_WARN_INFINITE_RECURSION = YES;
				CLANG_WARN_INT_CONVERSION = YES;
				CLANG_WARN_NON_LITERAL_NULL_CONVERSION = YES;
				CLANG_WARN_OBJC_LITERAL_CONVERSION = YES;
				CLANG_WARN_OBJC_ROOT_CLASS = YES_ERROR;
				CLANG_WARN_RANGE_LOOP_ANALYSIS = YES;
				CLANG_WARN_STRICT_PROTOTYPES = YES;
				CLANG_WARN_SUSPICIOUS_MOVE = YES;
				CLANG_WARN_UNGUARDED_AVAILABILITY = YES_AGGRESSIVE;
				CLANG_WARN_UNREACHABLE_CODE = YES;
				CLANG_WARN__DUPLICATE_METHOD_MATCH = YES;
				CODE_SIGN_IDENTITY = "iPhone Developer";
				COPY_PHASE_STRIP = NO;
				DEBUG_INFORMATION_FORMAT = "dwarf-with-dsym";
				ENABLE_NS_ASSERTIONS = NO;
				ENABLE_STRICT_OBJC_MSGSEND = YES;
				GCC_C_LANGUAGE_STANDARD = gnu11;
				GCC_NO_COMMON_BLOCKS = YES;
				GCC_WARN_64_TO_32_BIT_CONVERSION = YES;
				GCC_WARN_ABOUT_RETURN_TYPE = YES_ERROR;
				GCC_WARN_UNDECLARED_SELECTOR = YES;
				GCC_WARN_UNINITIALIZED_AUTOS = YES_AGGRESSIVE;
				GCC_WARN_UNUSED_FUNCTION = YES;
				GCC_WARN_UNUSED_VARIABLE = YES;
				IPHONEOS_DEPLOYMENT_TARGET = 11.2;
				MTL_ENABLE_DEBUG_INFO = NO;
				SDKROOT = iphoneos;
				SWIFT_OPTIMIZATION_LEVEL = "-Owholemodule";
				VALIDATE_PRODUCT = YES;
			};
			name = Release;
		};
		8A9BDB5C21122607001070F5 /* Debug */ = {
			isa = XCBuildConfiguration;
			baseConfigurationReference = 99108625AC17317141A7F44A /* Pods-nkoodi.debug.xcconfig */;
			buildSettings = {
				ASSETCATALOG_COMPILER_APPICON_NAME = AppIcon;
				CODE_SIGN_IDENTITY = "iPhone Developer";
				CODE_SIGN_STYLE = Manual;
				DEVELOPMENT_TEAM = "";
				INFOPLIST_FILE = nkoodi/Info.plist;
				IPHONEOS_DEPLOYMENT_TARGET = 11.0;
				LD_RUNPATH_SEARCH_PATHS = "$(inherited) @executable_path/Frameworks";
				PRODUCT_BUNDLE_IDENTIFIER = HajjHackathon.Nkoodi;
				PRODUCT_NAME = "$(TARGET_NAME)";
				PROVISIONING_PROFILE_SPECIFIER = "";
				SWIFT_VERSION = 3.0;
				TARGETED_DEVICE_FAMILY = "1,2";
			};
			name = Debug;
		};
		8A9BDB5D21122607001070F5 /* Release */ = {
			isa = XCBuildConfiguration;
			baseConfigurationReference = D698B628A1A3A4703566F555 /* Pods-nkoodi.release.xcconfig */;
			buildSettings = {
				ASSETCATALOG_COMPILER_APPICON_NAME = AppIcon;
				CODE_SIGN_IDENTITY = "iPhone Developer";
				CODE_SIGN_STYLE = Manual;
				DEVELOPMENT_TEAM = "";
				INFOPLIST_FILE = nkoodi/Info.plist;
				IPHONEOS_DEPLOYMENT_TARGET = 11.0;
				LD_RUNPATH_SEARCH_PATHS = "$(inherited) @executable_path/Frameworks";
				PRODUCT_BUNDLE_IDENTIFIER = HajjHackathon.Nkoodi;
				PRODUCT_NAME = "$(TARGET_NAME)";
				PROVISIONING_PROFILE_SPECIFIER = "";
				SWIFT_VERSION = 3.0;
				TARGETED_DEVICE_FAMILY = "1,2";
			};
			name = Release;
		};
/* End XCBuildConfiguration section */

/* Begin XCConfigurationList section */
		8A9BDB4421122607001070F5 /* Build configuration list for PBXProject "nkoodi" */ = {
			isa = XCConfigurationList;
			buildConfigurations = (
				8A9BDB5921122607001070F5 /* Debug */,
				8A9BDB5A21122607001070F5 /* Release */,
			);
			defaultConfigurationIsVisible = 0;
			defaultConfigurationName = Release;
		};
		8A9BDB5B21122607001070F5 /* Build configuration list for PBXNativeTarget "nkoodi" */ = {
			isa = XCConfigurationList;
			buildConfigurations = (
				8A9BDB5C21122607001070F5 /* Debug */,
				8A9BDB5D21122607001070F5 /* Release */,
			);
			defaultConfigurationIsVisible = 0;
			defaultConfigurationName = Release;
		};
/* End XCConfigurationList section */
	};
	rootObject = 8A9BDB4121122607001070F5 /* Project object */;
}
